// !$*UTF8*$!
{
	archiveVersion = 1;
	classes = {
	};
	objectVersion = 50;
	objects = {

/* Begin PBXBuildFile section */
		3BA6FEAD25F24AD600E71E4A /* ResultScore.swift in Sources */ = {isa = PBXBuildFile; fileRef = 3BA6FEAC25F24AD600E71E4A /* ResultScore.swift */; };
		3BDD6D2E25EF3CDC0049FE09 /* IOSGameHw01App.swift in Sources */ = {isa = PBXBuildFile; fileRef = 3BDD6D2D25EF3CDC0049FE09 /* IOSGameHw01App.swift */; };
		3BDD6D3025EF3CDC0049FE09 /* ContentView.swift in Sources */ = {isa = PBXBuildFile; fileRef = 3BDD6D2F25EF3CDC0049FE09 /* ContentView.swift */; };
		3BDD6D3225EF3CDF0049FE09 /* Assets.xcassets in Resources */ = {isa = PBXBuildFile; fileRef = 3BDD6D3125EF3CDF0049FE09 /* Assets.xcassets */; };
		3BDD6D3525EF3CDF0049FE09 /* Preview Assets.xcassets in Resources */ = {isa = PBXBuildFile; fileRef = 3BDD6D3425EF3CDF0049FE09 /* Preview Assets.xcassets */; };
		3BDD6D3F25EF49230049FE09 /* QA.swift in Sources */ = {isa = PBXBuildFile; fileRef = 3BDD6D3E25EF49220049FE09 /* QA.swift */; };
		3BDD6D4C25F232E80049FE09 /* w5.TTC in Resources */ = {isa = PBXBuildFile; fileRef = 3BDD6D4B25F232E80049FE09 /* w5.TTC */; };
		3BDD6D5025F234DC0049FE09 /* Counter.swift in Sources */ = {isa = PBXBuildFile; fileRef = 3BDD6D4F25F234DC0049FE09 /* Counter.swift */; };
		3BDD6D5325F23A610049FE09 /* FirstView.swift in Sources */ = {isa = PBXBuildFile; fileRef = 3BDD6D5225F23A610049FE09 /* FirstView.swift */; };
/* End PBXBuildFile section */

/* Begin PBXFileReference section */
		3BA6FEAC25F24AD600E71E4A /* ResultScore.swift */ = {isa = PBXFileReference; lastKnownFileType = sourcecode.swift; path = ResultScore.swift; sourceTree = "<group>"; };
		3BDD6D2A25EF3CDC0049FE09 /* IOSGameHw01.app */ = {isa = PBXFileReference; explicitFileType = wrapper.application; includeInIndex = 0; path = IOSGameHw01.app; sourceTree = BUILT_PRODUCTS_DIR; };
		3BDD6D2D25EF3CDC0049FE09 /* IOSGameHw01App.swift */ = {isa = PBXFileReference; lastKnownFileType = sourcecode.swift; path = IOSGameHw01App.swift; sourceTree = "<group>"; };
		3BDD6D2F25EF3CDC0049FE09 /* ContentView.swift */ = {isa = PBXFileReference; lastKnownFileType = sourcecode.swift; path = ContentView.swift; sourceTree = "<group>"; };
		3BDD6D3125EF3CDF0049FE09 /* Assets.xcassets */ = {isa = PBXFileReference; lastKnownFileType = folder.assetcatalog; path = Assets.xcassets; sourceTree = "<group>"; };
		3BDD6D3425EF3CDF0049FE09 /* Preview Assets.xcassets */ = {isa = PBXFileReference; lastKnownFileType = folder.assetcatalog; path = "Preview Assets.xcassets"; sourceTree = "<group>"; };
		3BDD6D3625EF3CDF0049FE09 /* Info.plist */ = {isa = PBXFileReference; lastKnownFileType = text.plist.xml; path = Info.plist; sourceTree = "<group>"; };
		3BDD6D3E25EF49220049FE09 /* QA.swift */ = {isa = PBXFileReference; lastKnownFileType = sourcecode.swift; path = QA.swift; sourceTree = "<group>"; };
		3BDD6D4B25F232E80049FE09 /* w5.TTC */ = {isa = PBXFileReference; lastKnownFileType = file; path = w5.TTC; sourceTree = "<group>"; };
		3BDD6D4F25F234DC0049FE09 /* Counter.swift */ = {isa = PBXFileReference; lastKnownFileType = sourcecode.swift; path = Counter.swift; sourceTree = "<group>"; };
		3BDD6D5225F23A610049FE09 /* FirstView.swift */ = {isa = PBXFileReference; lastKnownFileType = sourcecode.swift; path = FirstView.swift; sourceTree = "<group>"; };
/* End PBXFileReference section */

/* Begin PBXFrameworksBuildPhase section */
		3BDD6D2725EF3CDC0049FE09 /* Frameworks */ = {
			isa = PBXFrameworksBuildPhase;
			buildActionMask = 2147483647;
			files = (
			);
			runOnlyForDeploymentPostprocessing = 0;
		};
/* End PBXFrameworksBuildPhase section */

/* Begin PBXGroup section */
		3BDD6D2125EF3CDC0049FE09 = {
			isa = PBXGroup;
			children = (
				3BDD6D2C25EF3CDC0049FE09 /* IOSGameHw01 */,
				3BDD6D2B25EF3CDC0049FE09 /* Products */,
			);
			sourceTree = "<group>";
		};
		3BDD6D2B25EF3CDC0049FE09 /* Products */ = {
			isa = PBXGroup;
			children = (
				3BDD6D2A25EF3CDC0049FE09 /* IOSGameHw01.app */,
			);
			name = Products;
			sourceTree = "<group>";
		};
		3BDD6D2C25EF3CDC0049FE09 /* IOSGameHw01 */ = {
			isa = PBXGroup;
			children = (
				3BDD6D2D25EF3CDC0049FE09 /* IOSGameHw01App.swift */,
				3BDD6D5225F23A610049FE09 /* FirstView.swift */,
				3BDD6D2F25EF3CDC0049FE09 /* ContentView.swift */,
				3BA6FEAC25F24AD600E71E4A /* ResultScore.swift */,
				3BDD6D3E25EF49220049FE09 /* QA.swift */,
				3BDD6D4F25F234DC0049FE09 /* Counter.swift */,
				3BDD6D4B25F232E80049FE09 /* w5.TTC */,
				3BDD6D3125EF3CDF0049FE09 /* Assets.xcassets */,
				3BDD6D3625EF3CDF0049FE09 /* Info.plist */,
				3BDD6D3325EF3CDF0049FE09 /* Preview Content */,
			);
			path = IOSGameHw01;
			sourceTree = "<group>";
		};
		3BDD6D3325EF3CDF0049FE09 /* Preview Content */ = {
			isa = PBXGroup;
			children = (
				3BDD6D3425EF3CDF0049FE09 /* Preview Assets.xcassets */,
			);
			path = "Preview Content";
			sourceTree = "<group>";
		};
/* End PBXGroup section */

/* Begin PBXNativeTarget section */
		3BDD6D2925EF3CDC0049FE09 /* IOSGameHw01 */ = {
			isa = PBXNativeTarget;
			buildConfigurationList = 3BDD6D3925EF3CDF0049FE09 /* Build configuration list for PBXNativeTarget "IOSGameHw01" */;
			buildPhases = (
				3BDD6D2625EF3CDC0049FE09 /* Sources */,
				3BDD6D2725EF3CDC0049FE09 /* Frameworks */,
				3BDD6D2825EF3CDC0049FE09 /* Resources */,
			);
			buildRules = (
			);
			dependencies = (
			);
			name = IOSGameHw01;
			productName = IOSGameHw01;
			productReference = 3BDD6D2A25EF3CDC0049FE09 /* IOSGameHw01.app */;
			productType = "com.apple.product-type.application";
		};
/* End PBXNativeTarget section */

/* Begin PBXProject section */
		3BDD6D2225EF3CDC0049FE09 /* Project object */ = {
			isa = PBXProject;
			attributes = {
				LastSwiftUpdateCheck = 1240;
				LastUpgradeCheck = 1240;
				TargetAttributes = {
					3BDD6D2925EF3CDC0049FE09 = {
						CreatedOnToolsVersion = 12.4;
					};
				};
			};
			buildConfigurationList = 3BDD6D2525EF3CDC0049FE09 /* Build configuration list for PBXProject "IOSGameHw01" */;
			compatibilityVersion = "Xcode 9.3";
			developmentRegion = en;
			hasScannedForEncodings = 0;
			knownRegions = (
				en,
				Base,
			);
			mainGroup = 3BDD6D2125EF3CDC0049FE09;
			productRefGroup = 3BDD6D2B25EF3CDC0049FE09 /* Products */;
			projectDirPath = "";
			projectRoot = "";
			targets = (
				3BDD6D2925EF3CDC0049FE09 /* IOSGameHw01 */,
			);
		};
/* End PBXProject section */

/* Begin PBXResourcesBuildPhase section */
		3BDD6D2825EF3CDC0049FE09 /* Resources */ = {
			isa = PBXResourcesBuildPhase;
			buildActionMask = 2147483647;
			files = (
				3BDD6D4C25F232E80049FE09 /* w5.TTC in Resources */,
				3BDD6D3525EF3CDF0049FE09 /* Preview Assets.xcassets in Resources */,
				3BDD6D3225EF3CDF0049FE09 /* Assets.xcassets in Resources */,
			);
			runOnlyForDeploymentPostprocessing = 0;
		};
/* End PBXResourcesBuildPhase section */

/* Begin PBXSourcesBuildPhase section */
		3BDD6D2625EF3CDC0049FE09 /* Sources */ = {
			isa = PBXSourcesBuildPhase;
			buildActionMask = 2147483647;
			files = (
				3BDD6D5025F234DC0049FE09 /* Counter.swift in Sources */,
				3BDD6D3025EF3CDC0049FE09 /* ContentView.swift in Sources */,
				3BDD6D2E25EF3CDC0049FE09 /* IOSGameHw01App.swift in Sources */,
				3BDD6D3F25EF49230049FE09 /* QA.swift in Sources */,
				3BDD6D5325F23A610049FE09 /* FirstView.swift in Sources */,
				3BA6FEAD25F24AD600E71E4A /* ResultScore.swift in Sources */,
			);
			runOnlyForDeploymentPostprocessing = 0;
		};
/* End PBXSourcesBuildPhase section */

/* Begin XCBuildConfiguration section */
		3BDD6D3725EF3CDF0049FE09 /* Debug */ = {
			isa = XCBuildConfiguration;
			buildSettings = {
				ALWAYS_SEARCH_USER_PATHS = NO;
				CLANG_ANALYZER_NONNULL = YES;
				CLANG_ANALYZER_NUMBER_OBJECT_CONVERSION = YES_AGGRESSIVE;
				CLANG_CXX_LANGUAGE_STANDARD = "gnu++14";
				CLANG_CXX_LIBRARY = "libc++";
				CLANG_ENABLE_MODULES = YES;
				CLANG_ENABLE_OBJC_ARC = YES;
				CLANG_ENABLE_OBJC_WEAK = YES;
				CLANG_WARN_BLOCK_CAPTURE_AUTORELEASING = YES;
				CLANG_WARN_BOOL_CONVERSION = YES;
				CLANG_WARN_COMMA = YES;
				CLANG_WARN_CONSTANT_CONVERSION = YES;
				CLANG_WARN_DEPRECATED_OBJC_IMPLEMENTATIONS = YES;
				CLANG_WARN_DIRECT_OBJC_ISA_USAGE = YES_ERROR;
				CLANG_WARN_DOCUMENTATION_COMMENTS = YES;
				CLANG_WARN_EMPTY_BODY = YES;
				CLANG_WARN_ENUM_CONVERSION = YES;
				CLANG_WARN_INFINITE_RECURSION = YES;
				CLANG_WARN_INT_CONVERSION = YES;
				CLANG_WARN_NON_LITERAL_NULL_CONVERSION = YES;
				CLANG_WARN_OBJC_IMPLICIT_RETAIN_SELF = YES;
				CLANG_WARN_OBJC_LITERAL_CONVERSION = YES;
				CLANG_WARN_OBJC_ROOT_CLASS = YES_ERROR;
				CLANG_WARN_QUOTED_INCLUDE_IN_FRAMEWORK_HEADER = YES;
				CLANG_WARN_RANGE_LOOP_ANALYSIS = YES;
				CLANG_WARN_STRICT_PROTOTYPES = YES;
				CLANG_WARN_SUSPICIOUS_MOVE = YES;
				CLANG_WARN_UNGUARDED_AVAILABILITY = YES_AGGRESSIVE;
				CLANG_WARN_UNREACHABLE_CODE = YES;
				CLANG_WARN__DUPLICATE_METHOD_MATCH = YES;
				COPY_PHASE_STRIP = NO;
				DEBUG_INFORMATION_FORMAT = dwarf;
				ENABLE_STRICT_OBJC_MSGSEND = YES;
				ENABLE_TESTABILITY = YES;
				GCC_C_LANGUAGE_STANDARD = gnu11;
				GCC_DYNAMIC_NO_PIC = NO;
				GCC_NO_COMMON_BLOCKS = YES;
				GCC_OPTIMIZATION_LEVEL = 0;
				GCC_PREPROCESSOR_DEFINITIONS = (
					"DEBUG=1",
					"$(inherited)",
				);
				GCC_WARN_64_TO_32_BIT_CONVERSION = YES;
				GCC_WARN_ABOUT_RETURN_TYPE = YES_ERROR;
				GCC_WARN_UNDECLARED_SELECTOR = YES;
				GCC_WARN_UNINITIALIZED_AUTOS = YES_AGGRESSIVE;
				GCC_WARN_UNUSED_FUNCTION = YES;
				GCC_WARN_UNUSED_VARIABLE = YES;
				IPHONEOS_DEPLOYMENT_TARGET = 14.4;
				MTL_ENABLE_DEBUG_INFO = INCLUDE_SOURCE;
				MTL_FAST_MATH = YES;
				ONLY_ACTIVE_ARCH = YES;
				SDKROOT = iphoneos;
				SWIFT_ACTIVE_COMPILATION_CONDITIONS = DEBUG;
				SWIFT_OPTIMIZATION_LEVEL = "-Onone";
			};
			name = Debug;
		};
		3BDD6D3825EF3CDF0049FE09 /* Release */ = {
			isa = XCBuildConfiguration;
			buildSettings = {
				ALWAYS_SEARCH_USER_PATHS = NO;
				CLANG_ANALYZER_NONNULL = YES;
				CLANG_ANALYZER_NUMBER_OBJECT_CONVERSION = YES_AGGRESSIVE;
				CLANG_CXX_LANGUAGE_STANDARD = "gnu++14";
				CLANG_CXX_LIBRARY = "libc++";
				CLANG_ENABLE_MODULES = YES;
				CLANG_ENABLE_OBJC_ARC = YES;
				CLANG_ENABLE_OBJC_WEAK = YES;
				CLANG_WARN_BLOCK_CAPTURE_AUTORELEASING = YES;
				CLANG_WARN_BOOL_CONVERSION = YES;
				CLANG_WARN_COMMA = YES;
				CLANG_WARN_CONSTANT_CONVERSION = YES;
				CLANG_WARN_DEPRECATED_OBJC_IMPLEMENTATIONS = YES;
				CLANG_WARN_DIRECT_OBJC_ISA_USAGE = YES_ERROR;
				CLANG_WARN_DOCUMENTATION_COMMENTS = YES;
				CLANG_WARN_EMPTY_BODY = YES;
				CLANG_WARN_ENUM_CONVERSION = YES;
				CLANG_WARN_INFINITE_RECURSION = YES;
				CLANG_WARN_INT_CONVERSION = YES;
				CLANG_WARN_NON_LITERAL_NULL_CONVERSION = YES;
				CLANG_WARN_OBJC_IMPLICIT_RETAIN_SELF = YES;
				CLANG_WARN_OBJC_LITERAL_CONVERSION = YES;
				CLANG_WARN_OBJC_ROOT_CLASS = YES_ERROR;
				CLANG_WARN_QUOTED_INCLUDE_IN_FRAMEWORK_HEADER = YES;
				CLANG_WARN_RANGE_LOOP_ANALYSIS = YES;
				CLANG_WARN_STRICT_PROTOTYPES = YES;
				CLANG_WARN_SUSPICIOUS_MOVE = YES;
				CLANG_WARN_UNGUARDED_AVAILABILITY = YES_AGGRESSIVE;
				CLANG_WARN_UNREACHABLE_CODE = YES;
				CLANG_WARN__DUPLICATE_METHOD_MATCH = YES;
				COPY_PHASE_STRIP = NO;
				DEBUG_INFORMATION_FORMAT = "dwarf-with-dsym";
				ENABLE_NS_ASSERTIONS = NO;
				ENABLE_STRICT_OBJC_MSGSEND = YES;
				GCC_C_LANGUAGE_STANDARD = gnu11;
				GCC_NO_COMMON_BLOCKS = YES;
				GCC_WARN_64_TO_32_BIT_CONVERSION = YES;
				GCC_WARN_ABOUT_RETURN_TYPE = YES_ERROR;
				GCC_WARN_UNDECLARED_SELECTOR = YES;
				GCC_WARN_UNINITIALIZED_AUTOS = YES_AGGRESSIVE;
				GCC_WARN_UNUSED_FUNCTION = YES;
				GCC_WARN_UNUSED_VARIABLE = YES;
				IPHONEOS_DEPLOYMENT_TARGET = 14.4;
				MTL_ENABLE_DEBUG_INFO = NO;
				MTL_FAST_MATH = YES;
				SDKROOT = iphoneos;
				SWIFT_COMPILATION_MODE = wholemodule;
				SWIFT_OPTIMIZATION_LEVEL = "-O";
				VALIDATE_PRODUCT = YES;
			};
			name = Release;
		};
		3BDD6D3A25EF3CDF0049FE09 /* Debug */ = {
			isa = XCBuildConfiguration;
			buildSettings = {
				ASSETCATALOG_COMPILER_APPICON_NAME = AppIcon;
				ASSETCATALOG_COMPILER_GLOBAL_ACCENT_COLOR_NAME = AccentColor;
				CODE_SIGN_STYLE = Automatic;
				DEVELOPMENT_ASSET_PATHS = "\"IOSGameHw01/Preview Content\"";
				DEVELOPMENT_TEAM = K624ZP356A;
				ENABLE_PREVIEWS = YES;
				INFOPLIST_FILE = IOSGameHw01/Info.plist;
				IPHONEOS_DEPLOYMENT_TARGET = 14.0;
				LD_RUNPATH_SEARCH_PATHS = (
					"$(inherited)",
					"@executable_path/Frameworks",
				);
				PRODUCT_BUNDLE_IDENTIFIER = IOS.IOSGameHw01;
				PRODUCT_NAME = "$(TARGET_NAME)";
				SWIFT_VERSION = 5.0;
				TARGETED_DEVICE_FAMILY = "1,2";
			};
			name = Debug;
		};
		3BDD6D3B25EF3CDF0049FE09 /* Release */ = {
			isa = XCBuildConfiguration;
			buildSettings = {
				ASSETCATALOG_COMPILER_APPICON_NAME = AppIcon;
				ASSETCATALOG_COMPILER_GLOBAL_ACCENT_COLOR_NAME = AccentColor;
				CODE_SIGN_STYLE = Automatic;
				DEVELOPMENT_ASSET_PATHS = "\"IOSGameHw01/Preview Content\"";
				DEVELOPMENT_TEAM = K624ZP356A;
				ENABLE_PREVIEWS = YES;
				INFOPLIST_FILE = IOSGameHw01/Info.plist;
				IPHONEOS_DEPLOYMENT_TARGET = 14.0;
				LD_RUNPATH_SEARCH_PATHS = (
					"$(inherited)",
					"@executable_path/Frameworks",
				);
				PRODUCT_BUNDLE_IDENTIFIER = IOS.IOSGameHw01;
				PRODUCT_NAME = "$(TARGET_NAME)";
				SWIFT_VERSION = 5.0;
				TARGETED_DEVICE_FAMILY = "1,2";
			};
			name = Release;
		};
/* End XCBuildConfiguration section */

/* Begin XCConfigurationList section */
		3BDD6D2525EF3CDC0049FE09 /* Build configuration list for PBXProject "IOSGameHw01" */ = {
			isa = XCConfigurationList;
			buildConfigurations = (
				3BDD6D3725EF3CDF0049FE09 /* Debug */,
				3BDD6D3825EF3CDF0049FE09 /* Release */,
			);
			defaultConfigurationIsVisible = 0;
			defaultConfigurationName = Release;
		};
		3BDD6D3925EF3CDF0049FE09 /* Build configuration list for PBXNativeTarget "IOSGameHw01" */ = {
			isa = XCConfigurationList;
			buildConfigurations = (
				3BDD6D3A25EF3CDF0049FE09 /* Debug */,
				3BDD6D3B25EF3CDF0049FE09 /* Release */,
			);
			defaultConfigurationIsVisible = 0;
			defaultConfigurationName = Release;
		};
/* End XCConfigurationList section */
	};
	rootObject = 3BDD6D2225EF3CDC0049FE09 /* Project object */;
}
